
Microsoft Visual Studio Solution File, Format Version 12.00
# Visual Studio 14
VisualStudioVersion = 14.0.25420.1
MinimumVisualStudioVersion = 10.0.40219.1
Project("{8BC9CEB8-8B4A-11D0-8D11-00A0C91BC942}") = "Testing", "Testing\Testing.vcxproj", "{E5A86DA1-2C80-423B-AE83-4C3133A6B35B}"
EndProject
Project("{8BC9CEB8-8B4A-11D0-8D11-00A0C91BC942}") = "TextVenturer", "TextVenturer\TextVenturer.vcxproj", "{5BD49E28-939D-4A8C-A1D6-5DA041E7175C}"
EndProject
Project("{8BC9CEB8-8B4A-11D0-8D11-00A0C91BC942}") = "Win32Project", "Win32Project\Win32Project.vcxproj", "{632D63B2-6FA4-479B-B446-90B2889B0143}"
EndProject
Project("{2150E333-8FDC-42A3-9474-1A3956D46DE8}") = "Solution Items", "Solution Items", "{E904509F-1CDA-4B77-85CA-DC6B7BE3FAAC}"
	ProjectSection(SolutionItems) = preProject
		Readme.txt = Readme.txt
		Scenario1.txt = Scenario1.txt
	EndProjectSection
EndProject
Global
	GlobalSection(SolutionConfigurationPlatforms) = preSolution
		Debug|x64 = Debug|x64
		Debug|x86 = Debug|x86
		Release|x64 = Release|x64
		Release|x86 = Release|x86
	EndGlobalSection
	GlobalSection(ProjectConfigurationPlatforms) = postSolution
		{E5A86DA1-2C80-423B-AE83-4C3133A6B35B}.Debug|x64.ActiveCfg = Debug|x64
		{E5A86DA1-2C80-423B-AE83-4C3133A6B35B}.Debug|x64.Build.0 = Debug|x64
		{E5A86DA1-2C80-423B-AE83-4C3133A6B35B}.Debug|x86.ActiveCfg = Debug|Win32
		{E5A86DA1-2C80-423B-AE83-4C3133A6B35B}.Debug|x86.Build.0 = Debug|Win32
		{E5A86DA1-2C80-423B-AE83-4C3133A6B35B}.Release|x64.ActiveCfg = Release|x64
		{E5A86DA1-2C80-423B-AE83-4C3133A6B35B}.Release|x64.Build.0 = Release|x64
		{E5A86DA1-2C80-423B-AE83-4C3133A6B35B}.Release|x86.ActiveCfg = Release|Win32
		{E5A86DA1-2C80-423B-AE83-4C3133A6B35B}.Release|x86.Build.0 = Release|Win32
		{5BD49E28-939D-4A8C-A1D6-5DA041E7175C}.Debug|x64.ActiveCfg = Debug|x64
		{5BD49E28-939D-4A8C-A1D6-5DA041E7175C}.Debug|x64.Build.0 = Debug|x64
		{5BD49E28-939D-4A8C-A1D6-5DA041E7175C}.Debug|x86.ActiveCfg = Debug|Win32
		{5BD49E28-939D-4A8C-A1D6-5DA041E7175C}.Debug|x86.Build.0 = Debug|Win32
		{5BD49E28-939D-4A8C-A1D6-5DA041E7175C}.Release|x64.ActiveCfg = Release|x64
		{5BD49E28-939D-4A8C-A1D6-5DA041E7175C}.Release|x64.Build.0 = Release|x64
		{5BD49E28-939D-4A8C-A1D6-5DA041E7175C}.Release|x86.ActiveCfg = Release|Win32
		{5BD49E28-939D-4A8C-A1D6-5DA041E7175C}.Release|x86.Build.0 = Release|Win32
		{632D63B2-6FA4-479B-B446-90B2889B0143}.Debug|x64.ActiveCfg = Debug|x64
		{632D63B2-6FA4-479B-B446-90B2889B0143}.Debug|x64.Build.0 = Debug|x64
		{632D63B2-6FA4-479B-B446-90B2889B0143}.Debug|x86.ActiveCfg = Debug|Win32
		{632D63B2-6FA4-479B-B446-90B2889B0143}.Debug|x86.Build.0 = Debug|Win32
		{632D63B2-6FA4-479B-B446-90B2889B0143}.Release|x64.ActiveCfg = Release|x64
		{632D63B2-6FA4-479B-B446-90B2889B0143}.Release|x64.Build.0 = Release|x64
		{632D63B2-6FA4-479B-B446-90B2889B0143}.Release|x86.ActiveCfg = Release|Win32
		{632D63B2-6FA4-479B-B446-90B2889B0143}.Release|x86.Build.0 = Release|Win32
	EndGlobalSection
	GlobalSection(SolutionProperties) = preSolution
		HideSolutionNode = FALSE
	EndGlobalSection
EndGlobal
