<?xml version="1.0" encoding="utf-8"?>
<Project ToolsVersion="4.0" xmlns="http://schemas.microsoft.com/developer/msbuild/2003">
  <ItemGroup>
    <Filter Include="Source Files">
      <UniqueIdentifier>{4FC737F1-C7A5-4376-A066-2A32D752A2FF}</UniqueIdentifier>
      <Extensions>cpp;c;cc;cxx;def;odl;idl;hpj;bat;asm;asmx</Extensions>
    </Filter>
    <Filter Include="Header Files">
      <UniqueIdentifier>{93995380-89BD-4b04-88EB-625FBE52EBFB}</UniqueIdentifier>
      <Extensions>h;hh;hpp;hxx;hm;inl;inc;xsd</Extensions>
    </Filter>
    <Filter Include="Resource Files">
      <UniqueIdentifier>{67DA6AB6-F800-4c08-8B7A-83BB121AAD01}</UniqueIdentifier>
      <Extensions>rc;ico;cur;bmp;dlg;rc2;rct;bin;rgs;gif;jpg;jpeg;jpe;resx;tiff;tif;png;wav;mfcribbon-ms</Extensions>
    </Filter>
    <Filter Include="Header Files\Math">
      <UniqueIdentifier>{88ef6257-cb88-4484-aef2-96e3d9516c71}</UniqueIdentifier>
    </Filter>
    <Filter Include="Header Files\OpenGL">
      <UniqueIdentifier>{7abdf71f-6481-4b50-a022-a41b75649509}</UniqueIdentifier>
    </Filter>
    <Filter Include="Source Files\Math">
      <UniqueIdentifier>{29c3bbb6-b6df-47d8-b6e6-6ec8b60ce1b0}</UniqueIdentifier>
    </Filter>
    <Filter Include="Source Files\OpenGL">
      <UniqueIdentifier>{fa9bc3f3-5f5d-4e10-a0de-4c0dc22e9031}</UniqueIdentifier>
    </Filter>
    <Filter Include="Header Files\Librarys">
      <UniqueIdentifier>{941401d4-0829-4c6a-a54c-132af98c2ce3}</UniqueIdentifier>
    </Filter>
    <Filter Include="Header Files\Utility">
      <UniqueIdentifier>{c012b7f8-6d76-46c9-bd64-4314495316cb}</UniqueIdentifier>
    </Filter>
    <Filter Include="Header Files\Game">
      <UniqueIdentifier>{a42ac0ec-b6ee-4721-95ca-de5fef3ea1ba}</UniqueIdentifier>
    </Filter>
    <Filter Include="Header Files\Game\Actions">
      <UniqueIdentifier>{0d6efc5a-4d12-45b0-bd8e-8f5c6337249f}</UniqueIdentifier>
    </Filter>
    <Filter Include="Header Files\Game\Command">
      <UniqueIdentifier>{9d2ff60c-b578-497c-b0ef-0034d04665ed}</UniqueIdentifier>
    </Filter>
    <Filter Include="Header Files\Game\In-Game">
      <UniqueIdentifier>{c1adb27f-0bb7-4b42-be59-8e775a1d85c4}</UniqueIdentifier>
    </Filter>
    <Filter Include="Header Files\Game\Display">
      <UniqueIdentifier>{989f0ecf-e52b-4b45-86bd-a1382dda6e81}</UniqueIdentifier>
    </Filter>
    <Filter Include="Header Files\Other">
      <UniqueIdentifier>{f0877b5d-68ad-4b68-9c3d-c4f50da35824}</UniqueIdentifier>
    </Filter>
    <Filter Include="Source Files\Game">
      <UniqueIdentifier>{52b07b24-184e-43d3-ad76-8ee8f459b54c}</UniqueIdentifier>
    </Filter>
    <Filter Include="Source Files\Librarys">
      <UniqueIdentifier>{8570c68c-a742-440b-922d-4c57c8e8bb2d}</UniqueIdentifier>
    </Filter>
    <Filter Include="Source Files\Other">
      <UniqueIdentifier>{60739cb9-2cc4-4883-95b8-d76551b81551}</UniqueIdentifier>
    </Filter>
    <Filter Include="Source Files\Utility">
      <UniqueIdentifier>{c5f2dcd8-f3b6-4606-8fc2-ac549a9c897a}</UniqueIdentifier>
    </Filter>
    <Filter Include="Source Files\Game\Actions">
      <UniqueIdentifier>{a6c73425-5ae8-4f02-bf03-924fec1cd867}</UniqueIdentifier>
    </Filter>
    <Filter Include="Source Files\Game\Command">
      <UniqueIdentifier>{37171433-12ef-4335-85f1-72be2ec4b200}</UniqueIdentifier>
    </Filter>
    <Filter Include="Source Files\Game\In-Game">
      <UniqueIdentifier>{42ce2ed5-b7a8-4e4b-a270-601bbe5616e7}</UniqueIdentifier>
    </Filter>
    <Filter Include="Source Files\Game\Display">
      <UniqueIdentifier>{ede1bab8-10fb-43a7-9eff-9a3fc9e10108}</UniqueIdentifier>
    </Filter>
    <Filter Include="Header Files\Game\In-Game\Room">
      <UniqueIdentifier>{40b1d0ce-90f6-4551-abf6-e4d018938810}</UniqueIdentifier>
    </Filter>
    <Filter Include="Header Files\Game\In-Game\Item">
      <UniqueIdentifier>{83281303-5b62-4bbd-8202-1400f175a3ed}</UniqueIdentifier>
    </Filter>
    <Filter Include="Source Files\Game\In-Game\Room">
      <UniqueIdentifier>{f7944543-7c53-406b-8eb0-8da148d11016}</UniqueIdentifier>
    </Filter>
    <Filter Include="Source Files\Game\In-Game\Item">
      <UniqueIdentifier>{d4eb18c4-b5ff-48d3-bd3e-a6dd8e687355}</UniqueIdentifier>
    </Filter>
  </ItemGroup>
  <ItemGroup>
    <ClInclude Include="vec2.h">
      <Filter>Header Files\Math</Filter>
    </ClInclude>
    <ClInclude Include="Matrix2.h">
      <Filter>Header Files\Math</Filter>
    </ClInclude>
    <ClInclude Include="Matrix3.h">
      <Filter>Header Files\Math</Filter>
    </ClInclude>
    <ClInclude Include="GLEnums.h">
      <Filter>Header Files\OpenGL</Filter>
    </ClInclude>
    <ClInclude Include="Shader.h">
      <Filter>Header Files\OpenGL</Filter>
    </ClInclude>
    <ClInclude Include="VAO.h">
      <Filter>Header Files\OpenGL</Filter>
    </ClInclude>
    <ClInclude Include="Game.h">
      <Filter>Header Files\Game</Filter>
    </ClInclude>
    <ClInclude Include="Controler.h">
      <Filter>Header Files\Game</Filter>
    </ClInclude>
    <ClInclude Include="BaseAction.h">
      <Filter>Header Files\Game\Actions</Filter>
    </ClInclude>
    <ClInclude Include="DefaultAction.h">
      <Filter>Header Files\Game\Actions</Filter>
    </ClInclude>
    <ClInclude Include="BaseGame.h">
      <Filter>Header Files\OpenGL</Filter>
    </ClInclude>
    <ClInclude Include="Window.h">
      <Filter>Header Files\OpenGL</Filter>
    </ClInclude>
    <ClInclude Include="Texture.h">
      <Filter>Header Files\OpenGL</Filter>
    </ClInclude>
    <ClInclude Include="TextureData.h">
      <Filter>Header Files\OpenGL</Filter>
    </ClInclude>
    <ClInclude Include="BMPFont.h">
      <Filter>Header Files\OpenGL</Filter>
    </ClInclude>
    <ClInclude Include="Color.h">
      <Filter>Header Files\Math</Filter>
    </ClInclude>
    <ClInclude Include="lodePNG.h">
      <Filter>Header Files\Librarys</Filter>
    </ClInclude>
    <ClInclude Include="ErrorDialog.h">
      <Filter>Header Files\Utility</Filter>
    </ClInclude>
    <ClInclude Include="Command.h">
      <Filter>Header Files\Game\Command</Filter>
    </ClInclude>
    <ClInclude Include="CommandSystem.h">
      <Filter>Header Files\Game\Command</Filter>
    </ClInclude>
    <ClInclude Include="TextDisplay.h">
      <Filter>Header Files\Game\Display</Filter>
    </ClInclude>
    <ClInclude Include="AsciiArt.h">
      <Filter>Header Files\Game\Display</Filter>
    </ClInclude>
    <ClInclude Include="DisplayChar.h">
      <Filter>Header Files\Game\Display</Filter>
    </ClInclude>
    <ClInclude Include="resource.h">
      <Filter>Header Files\Other</Filter>
    </ClInclude>
    <ClInclude Include="stdafx.h">
      <Filter>Header Files\Other</Filter>
    </ClInclude>
    <ClInclude Include="Player.h">
      <Filter>Header Files\Game\In-Game</Filter>
    </ClInclude>
    <ClInclude Include="Room.h">
      <Filter>Header Files\Game\In-Game\Room</Filter>
    </ClInclude>
    <ClInclude Include="RoomConnection.h">
      <Filter>Header Files\Game\In-Game\Room</Filter>
    </ClInclude>
    <ClInclude Include="Location.h">
      <Filter>Header Files\Game\In-Game\Room</Filter>
    </ClInclude>
    <ClInclude Include="Item.h">
      <Filter>Header Files\Game\In-Game\Item</Filter>
    </ClInclude>
    <ClInclude Include="ItemCombiner.h">
      <Filter>Header Files\Game\In-Game\Item</Filter>
    </ClInclude>
    <ClInclude Include="Inventory.h">
      <Filter>Header Files\Game\In-Game\Item</Filter>
    </ClInclude>
    <ClInclude Include="AliasList.h">
      <Filter>Header Files\Utility</Filter>
    </ClInclude>
    <ClInclude Include="Adventure.h">
      <Filter>Header Files\Game\In-Game</Filter>
    </ClInclude>
    <ClInclude Include="DefaultAdventureAction.h">
      <Filter>Header Files\Game\Actions</Filter>
    </ClInclude>
    <ClInclude Include="AdventureAction.h">
      <Filter>Header Files\Game\Actions</Filter>
    </ClInclude>
    <ClInclude Include="FBO.h">
      <Filter>Header Files\OpenGL</Filter>
    </ClInclude>
    <ClInclude Include="RBO.h">
      <Filter>Header Files\OpenGL</Filter>
    </ClInclude>
    <ClInclude Include="CustomAdventureAction.h">
      <Filter>Header Files\Game\Actions</Filter>
    </ClInclude>
    <ClInclude Include="AdventureStructure.h">
      <Filter>Header Files\Game\In-Game</Filter>
    </ClInclude>
    <ClInclude Include="AdventureObject.h">
      <Filter>Header Files\Game\In-Game</Filter>
    </ClInclude>
  </ItemGroup>
  <ItemGroup>
    <ClCompile Include="GLEnums.cpp">
      <Filter>Source Files\OpenGL</Filter>
    </ClCompile>
    <ClCompile Include="VAO.cpp">
      <Filter>Source Files\OpenGL</Filter>
    </ClCompile>
    <ClCompile Include="Shader.cpp">
      <Filter>Source Files\OpenGL</Filter>
    </ClCompile>
    <ClCompile Include="Matrix2.cpp">
      <Filter>Source Files\Math</Filter>
    </ClCompile>
    <ClCompile Include="Matrix3.cpp">
      <Filter>Source Files\Math</Filter>
    </ClCompile>
    <ClCompile Include="Color.cpp">
      <Filter>Source Files\Math</Filter>
    </ClCompile>
    <ClCompile Include="lodePNG.cpp">
      <Filter>Source Files\Librarys</Filter>
    </ClCompile>
    <ClCompile Include="AsciiArt.cpp">
      <Filter>Source Files\Game\Display</Filter>
    </ClCompile>
    <ClCompile Include="BaseAction.cpp">
      <Filter>Source Files\Game\Actions</Filter>
    </ClCompile>
    <ClCompile Include="BMPFont.cpp">
      <Filter>Source Files\OpenGL</Filter>
    </ClCompile>
    <ClCompile Include="Command.cpp">
      <Filter>Source Files\Game\Command</Filter>
    </ClCompile>
    <ClCompile Include="CommandSystem.cpp">
      <Filter>Source Files\Game\Command</Filter>
    </ClCompile>
    <ClCompile Include="Controler.cpp">
      <Filter>Source Files\Game</Filter>
    </ClCompile>
    <ClCompile Include="DefaultAction.cpp">
      <Filter>Source Files\Game\Actions</Filter>
    </ClCompile>
    <ClCompile Include="DisplayChar.cpp">
      <Filter>Source Files\Game\Display</Filter>
    </ClCompile>
    <ClCompile Include="ErrorDialog.cpp">
      <Filter>Source Files\Utility</Filter>
    </ClCompile>
    <ClCompile Include="Game.cpp">
      <Filter>Source Files\Game</Filter>
    </ClCompile>
    <ClCompile Include="stdafx.cpp">
      <Filter>Source Files\Other</Filter>
    </ClCompile>
    <ClCompile Include="TextDisplay.cpp">
      <Filter>Source Files\Game\Display</Filter>
    </ClCompile>
    <ClCompile Include="Texture.cpp">
      <Filter>Source Files\OpenGL</Filter>
    </ClCompile>
    <ClCompile Include="TextureData.cpp">
      <Filter>Source Files\OpenGL</Filter>
    </ClCompile>
    <ClCompile Include="Window.cpp">
      <Filter>Source Files\OpenGL</Filter>
    </ClCompile>
    <ClCompile Include="Main.cpp">
      <Filter>Source Files\Other</Filter>
    </ClCompile>
    <ClCompile Include="Player.cpp">
      <Filter>Source Files\Game\In-Game</Filter>
    </ClCompile>
    <ClCompile Include="Item.cpp">
      <Filter>Source Files\Game\In-Game\Item</Filter>
    </ClCompile>
    <ClCompile Include="ItemCombiner.cpp">
      <Filter>Source Files\Game\In-Game\Item</Filter>
    </ClCompile>
    <ClCompile Include="Inventory.cpp">
      <Filter>Source Files\Game\In-Game\Item</Filter>
    </ClCompile>
    <ClCompile Include="Location.cpp">
      <Filter>Source Files\Game\In-Game\Room</Filter>
    </ClCompile>
    <ClCompile Include="Room.cpp">
      <Filter>Source Files\Game\In-Game\Room</Filter>
    </ClCompile>
    <ClCompile Include="RoomConnection.cpp">
      <Filter>Source Files\Game\In-Game\Room</Filter>
    </ClCompile>
    <ClCompile Include="AliasList.cpp">
      <Filter>Source Files\Utility</Filter>
    </ClCompile>
    <ClCompile Include="Adventure.cpp">
      <Filter>Source Files\Game\In-Game</Filter>
    </ClCompile>
    <ClCompile Include="DefaultAdventureAction.cpp">
      <Filter>Source Files\Game\Actions</Filter>
    </ClCompile>
    <ClCompile Include="AdventureAction.cpp">
      <Filter>Source Files\Game\Actions</Filter>
    </ClCompile>
    <ClCompile Include="FBO.cpp">
      <Filter>Source Files\OpenGL</Filter>
    </ClCompile>
    <ClCompile Include="RBO.cpp">
      <Filter>Source Files\OpenGL</Filter>
    </ClCompile>
    <ClCompile Include="CustomAdventureAction.cpp">
      <Filter>Source Files\Game\Actions</Filter>
    </ClCompile>
    <ClCompile Include="AdventureStructure.cpp">
      <Filter>Source Files\Game\In-Game</Filter>
    </ClCompile>
    <ClCompile Include="AdventureObject.cpp">
      <Filter>Source Files\Game\In-Game</Filter>
    </ClCompile>
  </ItemGroup>
  <ItemGroup>
    <None Include="ClassDiagram1.cd" />
  </ItemGroup>
  <ItemGroup>
    <Natvis Include="NatvisFile.natvis" />
  </ItemGroup>
</Project>